// !$*UTF8*$!
{
	archiveVersion = 1;
	classes = {
	};
	objectVersion = 56;
	objects = {

/* Begin PBXBuildFile section */
		B22B67772D2DA0AC00710CFD /* SuperheroProvider.swift in Sources */ = {isa = PBXBuildFile; fileRef = B22B67762D2DA0AC00710CFD /* SuperheroProvider.swift */; };
		B22B677A2D2DAE0E00710CFD /* SuperheroViewCell.swift in Sources */ = {isa = PBXBuildFile; fileRef = B22B67792D2DAE0E00710CFD /* SuperheroViewCell.swift */; };
		B27E03CB2D133F4A008DBF1B /* AppDelegate.swift in Sources */ = {isa = PBXBuildFile; fileRef = B27E03CA2D133F4A008DBF1B /* AppDelegate.swift */; };
		B27E03CD2D133F4A008DBF1B /* SceneDelegate.swift in Sources */ = {isa = PBXBuildFile; fileRef = B27E03CC2D133F4A008DBF1B /* SceneDelegate.swift */; };
		B27E03CF2D133F4A008DBF1B /* ViewController.swift in Sources */ = {isa = PBXBuildFile; fileRef = B27E03CE2D133F4A008DBF1B /* ViewController.swift */; };
		B27E03D22D133F4A008DBF1B /* Base in Resources */ = {isa = PBXBuildFile; fileRef = B27E03D12D133F4A008DBF1B /* Base */; };
		B27E03D42D133F4D008DBF1B /* Assets.xcassets in Resources */ = {isa = PBXBuildFile; fileRef = B27E03D32D133F4D008DBF1B /* Assets.xcassets */; };
		B27E03D72D133F4D008DBF1B /* Base in Resources */ = {isa = PBXBuildFile; fileRef = B27E03D62D133F4D008DBF1B /* Base */; };
		B27E03E32D13567B008DBF1B /* SuperheroResponse.swift in Sources */ = {isa = PBXBuildFile; fileRef = B27E03E22D13567B008DBF1B /* SuperheroResponse.swift */; };
/* End PBXBuildFile section */

/* Begin PBXFileReference section */
		B22B67762D2DA0AC00710CFD /* SuperheroProvider.swift */ = {isa = PBXFileReference; lastKnownFileType = sourcecode.swift; path = SuperheroProvider.swift; sourceTree = "<group>"; };
		B22B67792D2DAE0E00710CFD /* SuperheroViewCell.swift */ = {isa = PBXFileReference; lastKnownFileType = sourcecode.swift; path = SuperheroViewCell.swift; sourceTree = "<group>"; };
		B27E03C72D133F4A008DBF1B /* justicieLeague.app */ = {isa = PBXFileReference; explicitFileType = wrapper.application; includeInIndex = 0; path = justicieLeague.app; sourceTree = BUILT_PRODUCTS_DIR; };
		B27E03CA2D133F4A008DBF1B /* AppDelegate.swift */ = {isa = PBXFileReference; lastKnownFileType = sourcecode.swift; path = AppDelegate.swift; sourceTree = "<group>"; };
		B27E03CC2D133F4A008DBF1B /* SceneDelegate.swift */ = {isa = PBXFileReference; lastKnownFileType = sourcecode.swift; path = SceneDelegate.swift; sourceTree = "<group>"; };
		B27E03CE2D133F4A008DBF1B /* ViewController.swift */ = {isa = PBXFileReference; lastKnownFileType = sourcecode.swift; path = ViewController.swift; sourceTree = "<group>"; };
		B27E03D12D133F4A008DBF1B /* Base */ = {isa = PBXFileReference; lastKnownFileType = file.storyboard; name = Base; path = Base.lproj/Main.storyboard; sourceTree = "<group>"; };
		B27E03D32D133F4D008DBF1B /* Assets.xcassets */ = {isa = PBXFileReference; lastKnownFileType = folder.assetcatalog; path = Assets.xcassets; sourceTree = "<group>"; };
		B27E03D62D133F4D008DBF1B /* Base */ = {isa = PBXFileReference; lastKnownFileType = file.storyboard; name = Base; path = Base.lproj/LaunchScreen.storyboard; sourceTree = "<group>"; };
		B27E03D82D133F4D008DBF1B /* Info.plist */ = {isa = PBXFileReference; lastKnownFileType = text.plist.xml; path = Info.plist; sourceTree = "<group>"; };
		B27E03E22D13567B008DBF1B /* SuperheroResponse.swift */ = {isa = PBXFileReference; lastKnownFileType = sourcecode.swift; path = SuperheroResponse.swift; sourceTree = "<group>"; };
/* End PBXFileReference section */

/* Begin PBXFrameworksBuildPhase section */
		B27E03C42D133F4A008DBF1B /* Frameworks */ = {
			isa = PBXFrameworksBuildPhase;
			buildActionMask = 2147483647;
			files = (
			);
			runOnlyForDeploymentPostprocessing = 0;
		};
/* End PBXFrameworksBuildPhase section */

/* Begin PBXGroup section */
		B22B67782D2DAD5F00710CFD /* ViewCells */ = {
			isa = PBXGroup;
			children = (
				B22B67792D2DAE0E00710CFD /* SuperheroViewCell.swift */,
			);
			path = ViewCells;
			sourceTree = "<group>";
		};
		B27E03BE2D133F4A008DBF1B = {
			isa = PBXGroup;
			children = (
				B27E03C92D133F4A008DBF1B /* justicieLeague */,
				B27E03C82D133F4A008DBF1B /* Products */,
			);
			sourceTree = "<group>";
		};
		B27E03C82D133F4A008DBF1B /* Products */ = {
			isa = PBXGroup;
			children = (
				B27E03C72D133F4A008DBF1B /* justicieLeague.app */,
			);
			name = Products;
			sourceTree = "<group>";
		};
		B27E03C92D133F4A008DBF1B /* justicieLeague */ = {
			isa = PBXGroup;
			children = (
				B27E03E12D134052008DBF1B /* Data */,
				B27E03E02D134044008DBF1B /* ViewControllers */,
				B27E03DF2D133FCE008DBF1B /* Utils */,
				B27E03DE2D133FB8008DBF1B /* Views */,
				B22B67782D2DAD5F00710CFD /* ViewCells */,
				B27E03CA2D133F4A008DBF1B /* AppDelegate.swift */,
				B27E03CC2D133F4A008DBF1B /* SceneDelegate.swift */,
				B27E03D32D133F4D008DBF1B /* Assets.xcassets */,
				B27E03D82D133F4D008DBF1B /* Info.plist */,
			);
			path = justicieLeague;
			sourceTree = "<group>";
		};
		B27E03DE2D133FB8008DBF1B /* Views */ = {
			isa = PBXGroup;
			children = (
				B27E03D52D133F4D008DBF1B /* LaunchScreen.storyboard */,
				B27E03D02D133F4A008DBF1B /* Main.storyboard */,
			);
			path = Views;
			sourceTree = "<group>";
		};
		B27E03DF2D133FCE008DBF1B /* Utils */ = {
			isa = PBXGroup;
			children = (
			);
			path = Utils;
			sourceTree = "<group>";
		};
		B27E03E02D134044008DBF1B /* ViewControllers */ = {
			isa = PBXGroup;
			children = (
				B27E03CE2D133F4A008DBF1B /* ViewController.swift */,
			);
			path = ViewControllers;
			sourceTree = "<group>";
		};
		B27E03E12D134052008DBF1B /* Data */ = {
			isa = PBXGroup;
			children = (
				B27E03E22D13567B008DBF1B /* SuperheroResponse.swift */,
				B22B67762D2DA0AC00710CFD /* SuperheroProvider.swift */,
			);
			path = Data;
			sourceTree = "<group>";
		};
/* End PBXGroup section */

/* Begin PBXNativeTarget section */
		B27E03C62D133F4A008DBF1B /* justicieLeague */ = {
			isa = PBXNativeTarget;
			buildConfigurationList = B27E03DB2D133F4D008DBF1B /* Build configuration list for PBXNativeTarget "justicieLeague" */;
			buildPhases = (
				B27E03C32D133F4A008DBF1B /* Sources */,
				B27E03C42D133F4A008DBF1B /* Frameworks */,
				B27E03C52D133F4A008DBF1B /* Resources */,
			);
			buildRules = (
			);
			dependencies = (
			);
			name = justicieLeague;
			productName = justicieLeague;
			productReference = B27E03C72D133F4A008DBF1B /* justicieLeague.app */;
			productType = "com.apple.product-type.application";
		};
/* End PBXNativeTarget section */

/* Begin PBXProject section */
		B27E03BF2D133F4A008DBF1B /* Project object */ = {
			isa = PBXProject;
			attributes = {
				BuildIndependentTargetsInParallel = 1;
				LastSwiftUpdateCheck = 1540;
				LastUpgradeCheck = 1540;
				TargetAttributes = {
					B27E03C62D133F4A008DBF1B = {
						CreatedOnToolsVersion = 15.4;
					};
				};
			};
			buildConfigurationList = B27E03C22D133F4A008DBF1B /* Build configuration list for PBXProject "justicieLeague" */;
			compatibilityVersion = "Xcode 14.0";
			developmentRegion = en;
			hasScannedForEncodings = 0;
			knownRegions = (
				en,
				Base,
			);
			mainGroup = B27E03BE2D133F4A008DBF1B;
			productRefGroup = B27E03C82D133F4A008DBF1B /* Products */;
			projectDirPath = "";
			projectRoot = "";
			targets = (
				B27E03C62D133F4A008DBF1B /* justicieLeague */,
			);
		};
/* End PBXProject section */

/* Begin PBXResourcesBuildPhase section */
		B27E03C52D133F4A008DBF1B /* Resources */ = {
			isa = PBXResourcesBuildPhase;
			buildActionMask = 2147483647;
			files = (
				B27E03D42D133F4D008DBF1B /* Assets.xcassets in Resources */,
				B27E03D72D133F4D008DBF1B /* Base in Resources */,
				B27E03D22D133F4A008DBF1B /* Base in Resources */,
			);
			runOnlyForDeploymentPostprocessing = 0;
		};
/* End PBXResourcesBuildPhase section */

/* Begin PBXSourcesBuildPhase section */
		B27E03C32D133F4A008DBF1B /* Sources */ = {
			isa = PBXSourcesBuildPhase;
			buildActionMask = 2147483647;
			files = (
				B27E03CF2D133F4A008DBF1B /* ViewController.swift in Sources */,
				B27E03CB2D133F4A008DBF1B /* AppDelegate.swift in Sources */,
				B27E03E32D13567B008DBF1B /* SuperheroResponse.swift in Sources */,
				B22B67772D2DA0AC00710CFD /* SuperheroProvider.swift in Sources */,
				B27E03CD2D133F4A008DBF1B /* SceneDelegate.swift in Sources */,
				B22B677A2D2DAE0E00710CFD /* SuperheroViewCell.swift in Sources */,
			);
			runOnlyForDeploymentPostprocessing = 0;
		};
/* End PBXSourcesBuildPhase section */

/* Begin PBXVariantGroup section */
		B27E03D02D133F4A008DBF1B /* Main.storyboard */ = {
			isa = PBXVariantGroup;
			children = (
				B27E03D12D133F4A008DBF1B /* Base */,
			);
			name = Main.storyboard;
			sourceTree = "<group>";
		};
		B27E03D52D133F4D008DBF1B /* LaunchScreen.storyboard */ = {
			isa = PBXVariantGroup;
			children = (
				B27E03D62D133F4D008DBF1B /* Base */,
			);
			name = LaunchScreen.storyboard;
			sourceTree = "<group>";
		};
/* End PBXVariantGroup section */

/* Begin XCBuildConfiguration section */
		B27E03D92D133F4D008DBF1B /* Debug */ = {
			isa = XCBuildConfiguration;
			buildSettings = {
				ALWAYS_SEARCH_USER_PATHS = NO;
				ASSETCATALOG_COMPILER_GENERATE_SWIFT_ASSET_SYMBOL_EXTENSIONS = YES;
				CLANG_ANALYZER_NONNULL = YES;
				CLANG_ANALYZER_NUMBER_OBJECT_CONVERSION = YES_AGGRESSIVE;
				CLANG_CXX_LANGUAGE_STANDARD = "gnu++20";
				CLANG_ENABLE_MODULES = YES;
				CLANG_ENABLE_OBJC_ARC = YES;
				CLANG_ENABLE_OBJC_WEAK = YES;
				CLANG_WARN_BLOCK_CAPTURE_AUTORELEASING = YES;
				CLANG_WARN_BOOL_CONVERSION = YES;
				CLANG_WARN_COMMA = YES;
				CLANG_WARN_CONSTANT_CONVERSION = YES;
				CLANG_WARN_DEPRECATED_OBJC_IMPLEMENTATIONS = YES;
				CLANG_WARN_DIRECT_OBJC_ISA_USAGE = YES_ERROR;
				CLANG_WARN_DOCUMENTATION_COMMENTS = YES;
				CLANG_WARN_EMPTY_BODY = YES;
				CLANG_WARN_ENUM_CONVERSION = YES;
				CLANG_WARN_INFINITE_RECURSION = YES;
				CLANG_WARN_INT_CONVERSION = YES;
				CLANG_WARN_NON_LITERAL_NULL_CONVERSION = YES;
				CLANG_WARN_OBJC_IMPLICIT_RETAIN_SELF = YES;
				CLANG_WARN_OBJC_LITERAL_CONVERSION = YES;
				CLANG_WARN_OBJC_ROOT_CLASS = YES_ERROR;
				CLANG_WARN_QUOTED_INCLUDE_IN_FRAMEWORK_HEADER = YES;
				CLANG_WARN_RANGE_LOOP_ANALYSIS = YES;
				CLANG_WARN_STRICT_PROTOTYPES = YES;
				CLANG_WARN_SUSPICIOUS_MOVE = YES;
				CLANG_WARN_UNGUARDED_AVAILABILITY = YES_AGGRESSIVE;
				CLANG_WARN_UNREACHABLE_CODE = YES;
				CLANG_WARN__DUPLICATE_METHOD_MATCH = YES;
				COPY_PHASE_STRIP = NO;
				DEBUG_INFORMATION_FORMAT = dwarf;
				ENABLE_STRICT_OBJC_MSGSEND = YES;
				ENABLE_TESTABILITY = YES;
				ENABLE_USER_SCRIPT_SANDBOXING = YES;
				GCC_C_LANGUAGE_STANDARD = gnu17;
				GCC_DYNAMIC_NO_PIC = NO;
				GCC_NO_COMMON_BLOCKS = YES;
				GCC_OPTIMIZATION_LEVEL = 0;
				GCC_PREPROCESSOR_DEFINITIONS = (
					"DEBUG=1",
					"$(inherited)",
				);
				GCC_WARN_64_TO_32_BIT_CONVERSION = YES;
				GCC_WARN_ABOUT_RETURN_TYPE = YES_ERROR;
				GCC_WARN_UNDECLARED_SELECTOR = YES;
				GCC_WARN_UNINITIALIZED_AUTOS = YES_AGGRESSIVE;
				GCC_WARN_UNUSED_FUNCTION = YES;
				GCC_WARN_UNUSED_VARIABLE = YES;
				IPHONEOS_DEPLOYMENT_TARGET = 17.5;
				LOCALIZATION_PREFERS_STRING_CATALOGS = YES;
				MTL_ENABLE_DEBUG_INFO = INCLUDE_SOURCE;
				MTL_FAST_MATH = YES;
				ONLY_ACTIVE_ARCH = YES;
				SDKROOT = iphoneos;
				SWIFT_ACTIVE_COMPILATION_CONDITIONS = "DEBUG $(inherited)";
				SWIFT_OPTIMIZATION_LEVEL = "-Onone";
			};
			name = Debug;
		};
		B27E03DA2D133F4D008DBF1B /* Release */ = {
			isa = XCBuildConfiguration;
			buildSettings = {
				ALWAYS_SEARCH_USER_PATHS = NO;
				ASSETCATALOG_COMPILER_GENERATE_SWIFT_ASSET_SYMBOL_EXTENSIONS = YES;
				CLANG_ANALYZER_NONNULL = YES;
				CLANG_ANALYZER_NUMBER_OBJECT_CONVERSION = YES_AGGRESSIVE;
				CLANG_CXX_LANGUAGE_STANDARD = "gnu++20";
				CLANG_ENABLE_MODULES = YES;
				CLANG_ENABLE_OBJC_ARC = YES;
				CLANG_ENABLE_OBJC_WEAK = YES;
				CLANG_WARN_BLOCK_CAPTURE_AUTORELEASING = YES;
				CLANG_WARN_BOOL_CONVERSION = YES;
				CLANG_WARN_COMMA = YES;
				CLANG_WARN_CONSTANT_CONVERSION = YES;
				CLANG_WARN_DEPRECATED_OBJC_IMPLEMENTATIONS = YES;
				CLANG_WARN_DIRECT_OBJC_ISA_USAGE = YES_ERROR;
				CLANG_WARN_DOCUMENTATION_COMMENTS = YES;
				CLANG_WARN_EMPTY_BODY = YES;
				CLANG_WARN_ENUM_CONVERSION = YES;
				CLANG_WARN_INFINITE_RECURSION = YES;
				CLANG_WARN_INT_CONVERSION = YES;
				CLANG_WARN_NON_LITERAL_NULL_CONVERSION = YES;
				CLANG_WARN_OBJC_IMPLICIT_RETAIN_SELF = YES;
				CLANG_WARN_OBJC_LITERAL_CONVERSION = YES;
				CLANG_WARN_OBJC_ROOT_CLASS = YES_ERROR;
				CLANG_WARN_QUOTED_INCLUDE_IN_FRAMEWORK_HEADER = YES;
				CLANG_WARN_RANGE_LOOP_ANALYSIS = YES;
				CLANG_WARN_STRICT_PROTOTYPES = YES;
				CLANG_WARN_SUSPICIOUS_MOVE = YES;
				CLANG_WARN_UNGUARDED_AVAILABILITY = YES_AGGRESSIVE;
				CLANG_WARN_UNREACHABLE_CODE = YES;
				CLANG_WARN__DUPLICATE_METHOD_MATCH = YES;
				COPY_PHASE_STRIP = NO;
				DEBUG_INFORMATION_FORMAT = "dwarf-with-dsym";
				ENABLE_NS_ASSERTIONS = NO;
				ENABLE_STRICT_OBJC_MSGSEND = YES;
				ENABLE_USER_SCRIPT_SANDBOXING = YES;
				GCC_C_LANGUAGE_STANDARD = gnu17;
				GCC_NO_COMMON_BLOCKS = YES;
				GCC_WARN_64_TO_32_BIT_CONVERSION = YES;
				GCC_WARN_ABOUT_RETURN_TYPE = YES_ERROR;
				GCC_WARN_UNDECLARED_SELECTOR = YES;
				GCC_WARN_UNINITIALIZED_AUTOS = YES_AGGRESSIVE;
				GCC_WARN_UNUSED_FUNCTION = YES;
				GCC_WARN_UNUSED_VARIABLE = YES;
				IPHONEOS_DEPLOYMENT_TARGET = 17.5;
				LOCALIZATION_PREFERS_STRING_CATALOGS = YES;
				MTL_ENABLE_DEBUG_INFO = NO;
				MTL_FAST_MATH = YES;
				SDKROOT = iphoneos;
				SWIFT_COMPILATION_MODE = wholemodule;
				VALIDATE_PRODUCT = YES;
			};
			name = Release;
		};
		B27E03DC2D133F4D008DBF1B /* Debug */ = {
			isa = XCBuildConfiguration;
			buildSettings = {
				ASSETCATALOG_COMPILER_APPICON_NAME = AppIcon;
				ASSETCATALOG_COMPILER_GLOBAL_ACCENT_COLOR_NAME = AccentColor;
				CODE_SIGN_STYLE = Automatic;
				CURRENT_PROJECT_VERSION = 1;
				GENERATE_INFOPLIST_FILE = YES;
				INFOPLIST_FILE = justicieLeague/Info.plist;
				INFOPLIST_KEY_UIApplicationSupportsIndirectInputEvents = YES;
				INFOPLIST_KEY_UILaunchStoryboardName = LaunchScreen;
				INFOPLIST_KEY_UIMainStoryboardFile = Main;
				INFOPLIST_KEY_UISupportedInterfaceOrientations_iPad = "UIInterfaceOrientationPortrait UIInterfaceOrientationPortraitUpsideDown UIInterfaceOrientationLandscapeLeft UIInterfaceOrientationLandscapeRight";
				INFOPLIST_KEY_UISupportedInterfaceOrientations_iPhone = "UIInterfaceOrientationPortrait UIInterfaceOrientationLandscapeLeft UIInterfaceOrientationLandscapeRight";
				LD_RUNPATH_SEARCH_PATHS = (
					"$(inherited)",
					"@executable_path/Frameworks",
				);
				MARKETING_VERSION = 1.0;
				PRODUCT_BUNDLE_IDENTIFIER = com.swift.justicieLeague;
				PRODUCT_NAME = "$(TARGET_NAME)";
				SWIFT_EMIT_LOC_STRINGS = YES;
				SWIFT_VERSION = 5.0;
				TARGETED_DEVICE_FAMILY = "1,2";
			};
			name = Debug;
		};
		B27E03DD2D133F4D008DBF1B /* Release */ = {
			isa = XCBuildConfiguration;
			buildSettings = {
				ASSETCATALOG_COMPILER_APPICON_NAME = AppIcon;
				ASSETCATALOG_COMPILER_GLOBAL_ACCENT_COLOR_NAME = AccentColor;
				CODE_SIGN_STYLE = Automatic;
				CURRENT_PROJECT_VERSION = 1;
				GENERATE_INFOPLIST_FILE = YES;
				INFOPLIST_FILE = justicieLeague/Info.plist;
				INFOPLIST_KEY_UIApplicationSupportsIndirectInputEvents = YES;
				INFOPLIST_KEY_UILaunchStoryboardName = LaunchScreen;
				INFOPLIST_KEY_UIMainStoryboardFile = Main;
				INFOPLIST_KEY_UISupportedInterfaceOrientations_iPad = "UIInterfaceOrientationPortrait UIInterfaceOrientationPortraitUpsideDown UIInterfaceOrientationLandscapeLeft UIInterfaceOrientationLandscapeRight";
				INFOPLIST_KEY_UISupportedInterfaceOrientations_iPhone = "UIInterfaceOrientationPortrait UIInterfaceOrientationLandscapeLeft UIInterfaceOrientationLandscapeRight";
				LD_RUNPATH_SEARCH_PATHS = (
					"$(inherited)",
					"@executable_path/Frameworks",
				);
				MARKETING_VERSION = 1.0;
				PRODUCT_BUNDLE_IDENTIFIER = com.swift.justicieLeague;
				PRODUCT_NAME = "$(TARGET_NAME)";
				SWIFT_EMIT_LOC_STRINGS = YES;
				SWIFT_VERSION = 5.0;
				TARGETED_DEVICE_FAMILY = "1,2";
			};
			name = Release;
		};
/* End XCBuildConfiguration section */

/* Begin XCConfigurationList section */
		B27E03C22D133F4A008DBF1B /* Build configuration list for PBXProject "justicieLeague" */ = {
			isa = XCConfigurationList;
			buildConfigurations = (
				B27E03D92D133F4D008DBF1B /* Debug */,
				B27E03DA2D133F4D008DBF1B /* Release */,
			);
			defaultConfigurationIsVisible = 0;
			defaultConfigurationName = Release;
		};
		B27E03DB2D133F4D008DBF1B /* Build configuration list for PBXNativeTarget "justicieLeague" */ = {
			isa = XCConfigurationList;
			buildConfigurations = (
				B27E03DC2D133F4D008DBF1B /* Debug */,
				B27E03DD2D133F4D008DBF1B /* Release */,
			);
			defaultConfigurationIsVisible = 0;
			defaultConfigurationName = Release;
		};
/* End XCConfigurationList section */
	};
	rootObject = B27E03BF2D133F4A008DBF1B /* Project object */;
}
